// !$*UTF8*$!
{
	archiveVersion = 1;
	classes = {
	};
	objectVersion = 55;
	objects = {

/* Begin PBXBuildFile section */
		D4615BC9943450B2A42AEC3C /* Pods_MyTwitter.framework in Frameworks */ = {isa = PBXBuildFile; fileRef = 06C24F50EF15789B7997022C /* Pods_MyTwitter.framework */; };
		D504E4F4294A8A4A00A80264 /* AppDelegate.swift in Sources */ = {isa = PBXBuildFile; fileRef = D504E4F3294A8A4A00A80264 /* AppDelegate.swift */; };
		D504E4FD294A8A4C00A80264 /* Assets.xcassets in Resources */ = {isa = PBXBuildFile; fileRef = D504E4FC294A8A4C00A80264 /* Assets.xcassets */; };
		D504E500294A8A4C00A80264 /* LaunchScreen.storyboard in Resources */ = {isa = PBXBuildFile; fileRef = D504E4FE294A8A4C00A80264 /* LaunchScreen.storyboard */; };
		D5A3BD01294C37B20083387C /* GoogleService-Info.plist in Resources */ = {isa = PBXBuildFile; fileRef = D5A3BD00294C37B20083387C /* GoogleService-Info.plist */; };
		D5A3BD0B294C3DA40083387C /* FirstViewController.swift in Sources */ = {isa = PBXBuildFile; fileRef = D5A3BD09294C3DA30083387C /* FirstViewController.swift */; };
		D5A3BD0C294C3DA40083387C /* FirstViewController.xib in Resources */ = {isa = PBXBuildFile; fileRef = D5A3BD0A294C3DA30083387C /* FirstViewController.xib */; };
		D5A3BD10294C3DEF0083387C /* SignInViewController.swift in Sources */ = {isa = PBXBuildFile; fileRef = D5A3BD0E294C3DEF0083387C /* SignInViewController.swift */; };
		D5A3BD11294C3DEF0083387C /* SignInViewController.xib in Resources */ = {isa = PBXBuildFile; fileRef = D5A3BD0F294C3DEF0083387C /* SignInViewController.xib */; };
		D5A3BD14294C3E020083387C /* SignUpViewController.swift in Sources */ = {isa = PBXBuildFile; fileRef = D5A3BD12294C3E020083387C /* SignUpViewController.swift */; };
		D5A3BD15294C3E020083387C /* SignUpViewController.xib in Resources */ = {isa = PBXBuildFile; fileRef = D5A3BD13294C3E020083387C /* SignUpViewController.xib */; };
		D5A7DCD5294E138B000E6206 /* ChatViewController.swift in Sources */ = {isa = PBXBuildFile; fileRef = D5A7DCD3294E138B000E6206 /* ChatViewController.swift */; };
		D5A7DCD6294E138B000E6206 /* ChatViewController.xib in Resources */ = {isa = PBXBuildFile; fileRef = D5A7DCD4294E138B000E6206 /* ChatViewController.xib */; };
		D5A7DCD9294E3BA5000E6206 /* Message.swift in Sources */ = {isa = PBXBuildFile; fileRef = D5A7DCD8294E3BA5000E6206 /* Message.swift */; };
		D5DBD813294E48F700698DE9 /* ChatTableViewCell.swift in Sources */ = {isa = PBXBuildFile; fileRef = D5DBD811294E48F700698DE9 /* ChatTableViewCell.swift */; };
		D5DBD814294E48F700698DE9 /* ChatTableViewCell.xib in Resources */ = {isa = PBXBuildFile; fileRef = D5DBD812294E48F700698DE9 /* ChatTableViewCell.xib */; };
		D5DBD817294E6A6800698DE9 /* Constants.swift in Sources */ = {isa = PBXBuildFile; fileRef = D5DBD816294E6A6800698DE9 /* Constants.swift */; };
		D5DBD81B294FB8B600698DE9 /* FirebaseAuth in Frameworks */ = {isa = PBXBuildFile; productRef = D5DBD81A294FB8B600698DE9 /* FirebaseAuth */; };
		D5DBD81D294FB8B600698DE9 /* FirebaseDatabase in Frameworks */ = {isa = PBXBuildFile; productRef = D5DBD81C294FB8B600698DE9 /* FirebaseDatabase */; };
		D5DBD81F294FB8B600698DE9 /* FirebaseFirestore in Frameworks */ = {isa = PBXBuildFile; productRef = D5DBD81E294FB8B600698DE9 /* FirebaseFirestore */; };
/* End PBXBuildFile section */

/* Begin PBXFileReference section */
		06C24F50EF15789B7997022C /* Pods_MyTwitter.framework */ = {isa = PBXFileReference; explicitFileType = wrapper.framework; includeInIndex = 0; path = Pods_MyTwitter.framework; sourceTree = BUILT_PRODUCTS_DIR; };
		19519246AD1BADDB9BC0DFA1 /* Pods-MyTwitter.debug.xcconfig */ = {isa = PBXFileReference; includeInIndex = 1; lastKnownFileType = text.xcconfig; name = "Pods-MyTwitter.debug.xcconfig"; path = "Target Support Files/Pods-MyTwitter/Pods-MyTwitter.debug.xcconfig"; sourceTree = "<group>"; };
		3DD815593D57590FA6B25400 /* Pods-MyTwitter.release.xcconfig */ = {isa = PBXFileReference; includeInIndex = 1; lastKnownFileType = text.xcconfig; name = "Pods-MyTwitter.release.xcconfig"; path = "Target Support Files/Pods-MyTwitter/Pods-MyTwitter.release.xcconfig"; sourceTree = "<group>"; };
		D504E4F0294A8A4A00A80264 /* MyTwitter.app */ = {isa = PBXFileReference; explicitFileType = wrapper.application; includeInIndex = 0; path = MyTwitter.app; sourceTree = BUILT_PRODUCTS_DIR; };
		D504E4F3294A8A4A00A80264 /* AppDelegate.swift */ = {isa = PBXFileReference; lastKnownFileType = sourcecode.swift; path = AppDelegate.swift; sourceTree = "<group>"; };
		D504E4FC294A8A4C00A80264 /* Assets.xcassets */ = {isa = PBXFileReference; lastKnownFileType = folder.assetcatalog; path = Assets.xcassets; sourceTree = "<group>"; };
		D504E4FF294A8A4C00A80264 /* Base */ = {isa = PBXFileReference; lastKnownFileType = file.storyboard; name = Base; path = Base.lproj/LaunchScreen.storyboard; sourceTree = "<group>"; };
		D504E501294A8A4C00A80264 /* Info.plist */ = {isa = PBXFileReference; lastKnownFileType = text.plist.xml; path = Info.plist; sourceTree = "<group>"; };
		D5A3BD00294C37B20083387C /* GoogleService-Info.plist */ = {isa = PBXFileReference; fileEncoding = 4; lastKnownFileType = text.plist.xml; path = "GoogleService-Info.plist"; sourceTree = "<group>"; };
		D5A3BD09294C3DA30083387C /* FirstViewController.swift */ = {isa = PBXFileReference; lastKnownFileType = sourcecode.swift; path = FirstViewController.swift; sourceTree = "<group>"; };
		D5A3BD0A294C3DA30083387C /* FirstViewController.xib */ = {isa = PBXFileReference; lastKnownFileType = file.xib; path = FirstViewController.xib; sourceTree = "<group>"; };
		D5A3BD0E294C3DEF0083387C /* SignInViewController.swift */ = {isa = PBXFileReference; lastKnownFileType = sourcecode.swift; path = SignInViewController.swift; sourceTree = "<group>"; };
		D5A3BD0F294C3DEF0083387C /* SignInViewController.xib */ = {isa = PBXFileReference; lastKnownFileType = file.xib; path = SignInViewController.xib; sourceTree = "<group>"; };
		D5A3BD12294C3E020083387C /* SignUpViewController.swift */ = {isa = PBXFileReference; lastKnownFileType = sourcecode.swift; path = SignUpViewController.swift; sourceTree = "<group>"; };
		D5A3BD13294C3E020083387C /* SignUpViewController.xib */ = {isa = PBXFileReference; lastKnownFileType = file.xib; path = SignUpViewController.xib; sourceTree = "<group>"; };
		D5A7DCD3294E138B000E6206 /* ChatViewController.swift */ = {isa = PBXFileReference; lastKnownFileType = sourcecode.swift; path = ChatViewController.swift; sourceTree = "<group>"; };
		D5A7DCD4294E138B000E6206 /* ChatViewController.xib */ = {isa = PBXFileReference; lastKnownFileType = file.xib; path = ChatViewController.xib; sourceTree = "<group>"; };
		D5A7DCD8294E3BA5000E6206 /* Message.swift */ = {isa = PBXFileReference; lastKnownFileType = sourcecode.swift; path = Message.swift; sourceTree = "<group>"; };
		D5DBD811294E48F700698DE9 /* ChatTableViewCell.swift */ = {isa = PBXFileReference; lastKnownFileType = sourcecode.swift; path = ChatTableViewCell.swift; sourceTree = "<group>"; };
		D5DBD812294E48F700698DE9 /* ChatTableViewCell.xib */ = {isa = PBXFileReference; lastKnownFileType = file.xib; path = ChatTableViewCell.xib; sourceTree = "<group>"; };
		D5DBD816294E6A6800698DE9 /* Constants.swift */ = {isa = PBXFileReference; lastKnownFileType = sourcecode.swift; path = Constants.swift; sourceTree = "<group>"; };
/* End PBXFileReference section */

/* Begin PBXFrameworksBuildPhase section */
		D504E4ED294A8A4A00A80264 /* Frameworks */ = {
			isa = PBXFrameworksBuildPhase;
			buildActionMask = 2147483647;
			files = (
				D5DBD81D294FB8B600698DE9 /* FirebaseDatabase in Frameworks */,
				D5DBD81B294FB8B600698DE9 /* FirebaseAuth in Frameworks */,
				D5DBD81F294FB8B600698DE9 /* FirebaseFirestore in Frameworks */,
				D4615BC9943450B2A42AEC3C /* Pods_MyTwitter.framework in Frameworks */,
			);
			runOnlyForDeploymentPostprocessing = 0;
		};
/* End PBXFrameworksBuildPhase section */

/* Begin PBXGroup section */
		0E362154B44CF6A524595EF7 /* Frameworks */ = {
			isa = PBXGroup;
			children = (
				06C24F50EF15789B7997022C /* Pods_MyTwitter.framework */,
			);
			name = Frameworks;
			sourceTree = "<group>";
		};
		8C4B69F372D528290B8F3803 /* Pods */ = {
			isa = PBXGroup;
			children = (
				19519246AD1BADDB9BC0DFA1 /* Pods-MyTwitter.debug.xcconfig */,
				3DD815593D57590FA6B25400 /* Pods-MyTwitter.release.xcconfig */,
			);
			path = Pods;
			sourceTree = "<group>";
		};
		D504E4E7294A8A4A00A80264 = {
			isa = PBXGroup;
			children = (
				D504E4F2294A8A4A00A80264 /* Chatting App */,
				D504E4F1294A8A4A00A80264 /* Products */,
				8C4B69F372D528290B8F3803 /* Pods */,
				0E362154B44CF6A524595EF7 /* Frameworks */,
			);
			sourceTree = "<group>";
		};
		D504E4F1294A8A4A00A80264 /* Products */ = {
			isa = PBXGroup;
			children = (
				D504E4F0294A8A4A00A80264 /* MyTwitter.app */,
			);
			name = Products;
			sourceTree = "<group>";
		};
		D504E4F2294A8A4A00A80264 /* Chatting App */ = {
			isa = PBXGroup;
			children = (
				D5DBD815294E6A5200698DE9 /* Constants */,
				D5A7DCDA294E3C20000E6206 /* Controllers */,
				D5A7DCD7294E3B8E000E6206 /* Model */,
				D5A3BD0D294C3DD20083387C /* Registration */,
				D504E507294A8AA700A80264 /* Base */,
				D504E4F3294A8A4A00A80264 /* AppDelegate.swift */,
				D504E4FC294A8A4C00A80264 /* Assets.xcassets */,
				D504E4FE294A8A4C00A80264 /* LaunchScreen.storyboard */,
				D504E501294A8A4C00A80264 /* Info.plist */,
				D5A3BD00294C37B20083387C /* GoogleService-Info.plist */,
			);
			path = "Chatting App";
			sourceTree = "<group>";
		};
		D504E507294A8AA700A80264 /* Base */ = {
			isa = PBXGroup;
			children = (
				D5A3BD09294C3DA30083387C /* FirstViewController.swift */,
				D5A3BD0A294C3DA30083387C /* FirstViewController.xib */,
			);
			path = Base;
			sourceTree = "<group>";
		};
		D5A3BD0D294C3DD20083387C /* Registration */ = {
			isa = PBXGroup;
			children = (
				D5A3BD0E294C3DEF0083387C /* SignInViewController.swift */,
				D5A3BD0F294C3DEF0083387C /* SignInViewController.xib */,
				D5A3BD12294C3E020083387C /* SignUpViewController.swift */,
				D5A3BD13294C3E020083387C /* SignUpViewController.xib */,
			);
			path = Registration;
			sourceTree = "<group>";
		};
		D5A7DCD7294E3B8E000E6206 /* Model */ = {
			isa = PBXGroup;
			children = (
				D5A7DCD8294E3BA5000E6206 /* Message.swift */,
			);
			path = Model;
			sourceTree = "<group>";
		};
		D5A7DCDA294E3C20000E6206 /* Controllers */ = {
			isa = PBXGroup;
			children = (
				D5A7DCD3294E138B000E6206 /* ChatViewController.swift */,
				D5A7DCD4294E138B000E6206 /* ChatViewController.xib */,
				D5DBD811294E48F700698DE9 /* ChatTableViewCell.swift */,
				D5DBD812294E48F700698DE9 /* ChatTableViewCell.xib */,
			);
			path = Controllers;
			sourceTree = "<group>";
		};
		D5DBD815294E6A5200698DE9 /* Constants */ = {
			isa = PBXGroup;
			children = (
				D5DBD816294E6A6800698DE9 /* Constants.swift */,
			);
			path = Constants;
			sourceTree = "<group>";
		};
/* End PBXGroup section */

/* Begin PBXNativeTarget section */
		D504E4EF294A8A4A00A80264 /* MyTwitter */ = {
			isa = PBXNativeTarget;
			buildConfigurationList = D504E504294A8A4C00A80264 /* Build configuration list for PBXNativeTarget "MyTwitter" */;
			buildPhases = (
				C1E6DD1AC0E659CAEA4FBF76 /* [CP] Check Pods Manifest.lock */,
				D504E4EC294A8A4A00A80264 /* Sources */,
				D504E4ED294A8A4A00A80264 /* Frameworks */,
				D504E4EE294A8A4A00A80264 /* Resources */,
				99BE9F15F39866870D39D4A8 /* [CP] Embed Pods Frameworks */,
			);
			buildRules = (
			);
			dependencies = (
			);
			name = MyTwitter;
			packageProductDependencies = (
				D5DBD81A294FB8B600698DE9 /* FirebaseAuth */,
				D5DBD81C294FB8B600698DE9 /* FirebaseDatabase */,
				D5DBD81E294FB8B600698DE9 /* FirebaseFirestore */,
			);
			productName = MyTwitter;
			productReference = D504E4F0294A8A4A00A80264 /* MyTwitter.app */;
			productType = "com.apple.product-type.application";
		};
/* End PBXNativeTarget section */

/* Begin PBXProject section */
		D504E4E8294A8A4A00A80264 /* Project object */ = {
			isa = PBXProject;
			attributes = {
				BuildIndependentTargetsInParallel = 1;
				LastSwiftUpdateCheck = 1420;
				LastUpgradeCheck = 1420;
				TargetAttributes = {
					D504E4EF294A8A4A00A80264 = {
						CreatedOnToolsVersion = 14.2;
					};
				};
			};
			buildConfigurationList = D504E4EB294A8A4A00A80264 /* Build configuration list for PBXProject "Chatting App" */;
			compatibilityVersion = "Xcode 13.0";
			developmentRegion = en;
			hasScannedForEncodings = 0;
			knownRegions = (
				en,
				Base,
			);
			mainGroup = D504E4E7294A8A4A00A80264;
			packageReferences = (
				D5DBD819294FB8B600698DE9 /* XCRemoteSwiftPackageReference "firebase-ios-sdk" */,
			);
			productRefGroup = D504E4F1294A8A4A00A80264 /* Products */;
			projectDirPath = "";
			projectRoot = "";
			targets = (
				D504E4EF294A8A4A00A80264 /* MyTwitter */,
			);
		};
/* End PBXProject section */

/* Begin PBXResourcesBuildPhase section */
		D504E4EE294A8A4A00A80264 /* Resources */ = {
			isa = PBXResourcesBuildPhase;
			buildActionMask = 2147483647;
			files = (
				D5A3BD11294C3DEF0083387C /* SignInViewController.xib in Resources */,
				D5DBD814294E48F700698DE9 /* ChatTableViewCell.xib in Resources */,
				D504E500294A8A4C00A80264 /* LaunchScreen.storyboard in Resources */,
				D5A7DCD6294E138B000E6206 /* ChatViewController.xib in Resources */,
				D504E4FD294A8A4C00A80264 /* Assets.xcassets in Resources */,
				D5A3BD01294C37B20083387C /* GoogleService-Info.plist in Resources */,
				D5A3BD15294C3E020083387C /* SignUpViewController.xib in Resources */,
				D5A3BD0C294C3DA40083387C /* FirstViewController.xib in Resources */,
			);
			runOnlyForDeploymentPostprocessing = 0;
		};
/* End PBXResourcesBuildPhase section */

/* Begin PBXShellScriptBuildPhase section */
		99BE9F15F39866870D39D4A8 /* [CP] Embed Pods Frameworks */ = {
			isa = PBXShellScriptBuildPhase;
			buildActionMask = 2147483647;
			files = (
			);
			inputFileListPaths = (
				"${PODS_ROOT}/Target Support Files/Pods-MyTwitter/Pods-MyTwitter-frameworks-${CONFIGURATION}-input-files.xcfilelist",
			);
			name = "[CP] Embed Pods Frameworks";
			outputFileListPaths = (
				"${PODS_ROOT}/Target Support Files/Pods-MyTwitter/Pods-MyTwitter-frameworks-${CONFIGURATION}-output-files.xcfilelist",
			);
			runOnlyForDeploymentPostprocessing = 0;
			shellPath = /bin/sh;
			shellScript = "\"${PODS_ROOT}/Target Support Files/Pods-MyTwitter/Pods-MyTwitter-frameworks.sh\"\n";
			showEnvVarsInLog = 0;
		};
		C1E6DD1AC0E659CAEA4FBF76 /* [CP] Check Pods Manifest.lock */ = {
			isa = PBXShellScriptBuildPhase;
			buildActionMask = 2147483647;
			files = (
			);
			inputFileListPaths = (
			);
			inputPaths = (
				"${PODS_PODFILE_DIR_PATH}/Podfile.lock",
				"${PODS_ROOT}/Manifest.lock",
			);
			name = "[CP] Check Pods Manifest.lock";
			outputFileListPaths = (
			);
			outputPaths = (
				"$(DERIVED_FILE_DIR)/Pods-MyTwitter-checkManifestLockResult.txt",
			);
			runOnlyForDeploymentPostprocessing = 0;
			shellPath = /bin/sh;
			shellScript = "diff \"${PODS_PODFILE_DIR_PATH}/Podfile.lock\" \"${PODS_ROOT}/Manifest.lock\" > /dev/null\nif [ $? != 0 ] ; then\n    # print error to STDERR\n    echo \"error: The sandbox is not in sync with the Podfile.lock. Run 'pod install' or update your CocoaPods installation.\" >&2\n    exit 1\nfi\n# This output is used by Xcode 'outputs' to avoid re-running this script phase.\necho \"SUCCESS\" > \"${SCRIPT_OUTPUT_FILE_0}\"\n";
			showEnvVarsInLog = 0;
		};
/* End PBXShellScriptBuildPhase section */

/* Begin PBXSourcesBuildPhase section */
		D504E4EC294A8A4A00A80264 /* Sources */ = {
			isa = PBXSourcesBuildPhase;
			buildActionMask = 2147483647;
			files = (
				D504E4F4294A8A4A00A80264 /* AppDelegate.swift in Sources */,
				D5A3BD0B294C3DA40083387C /* FirstViewController.swift in Sources */,
				D5A3BD14294C3E020083387C /* SignUpViewController.swift in Sources */,
				D5A7DCD9294E3BA5000E6206 /* Message.swift in Sources */,
				D5DBD813294E48F700698DE9 /* ChatTableViewCell.swift in Sources */,
				D5A7DCD5294E138B000E6206 /* ChatViewController.swift in Sources */,
				D5A3BD10294C3DEF0083387C /* SignInViewController.swift in Sources */,
				D5DBD817294E6A6800698DE9 /* Constants.swift in Sources */,
			);
			runOnlyForDeploymentPostprocessing = 0;
		};
/* End PBXSourcesBuildPhase section */

/* Begin PBXVariantGroup section */
		D504E4FE294A8A4C00A80264 /* LaunchScreen.storyboard */ = {
			isa = PBXVariantGroup;
			children = (
				D504E4FF294A8A4C00A80264 /* Base */,
			);
			name = LaunchScreen.storyboard;
			sourceTree = "<group>";
		};
/* End PBXVariantGroup section */

/* Begin XCBuildConfiguration section */
		D504E502294A8A4C00A80264 /* Debug */ = {
			isa = XCBuildConfiguration;
			buildSettings = {
				ALWAYS_SEARCH_USER_PATHS = NO;
				CLANG_ANALYZER_NONNULL = YES;
				CLANG_ANALYZER_NUMBER_OBJECT_CONVERSION = YES_AGGRESSIVE;
				CLANG_CXX_LANGUAGE_STANDARD = "gnu++20";
				CLANG_ENABLE_MODULES = YES;
				CLANG_ENABLE_OBJC_ARC = YES;
				CLANG_ENABLE_OBJC_WEAK = YES;
				CLANG_WARN_BLOCK_CAPTURE_AUTORELEASING = YES;
				CLANG_WARN_BOOL_CONVERSION = YES;
				CLANG_WARN_COMMA = YES;
				CLANG_WARN_CONSTANT_CONVERSION = YES;
				CLANG_WARN_DEPRECATED_OBJC_IMPLEMENTATIONS = YES;
				CLANG_WARN_DIRECT_OBJC_ISA_USAGE = YES_ERROR;
				CLANG_WARN_DOCUMENTATION_COMMENTS = YES;
				CLANG_WARN_EMPTY_BODY = YES;
				CLANG_WARN_ENUM_CONVERSION = YES;
				CLANG_WARN_INFINITE_RECURSION = YES;
				CLANG_WARN_INT_CONVERSION = YES;
				CLANG_WARN_NON_LITERAL_NULL_CONVERSION = YES;
				CLANG_WARN_OBJC_IMPLICIT_RETAIN_SELF = YES;
				CLANG_WARN_OBJC_LITERAL_CONVERSION = YES;
				CLANG_WARN_OBJC_ROOT_CLASS = YES_ERROR;
				CLANG_WARN_QUOTED_INCLUDE_IN_FRAMEWORK_HEADER = YES;
				CLANG_WARN_RANGE_LOOP_ANALYSIS = YES;
				CLANG_WARN_STRICT_PROTOTYPES = YES;
				CLANG_WARN_SUSPICIOUS_MOVE = YES;
				CLANG_WARN_UNGUARDED_AVAILABILITY = YES_AGGRESSIVE;
				CLANG_WARN_UNREACHABLE_CODE = YES;
				CLANG_WARN__DUPLICATE_METHOD_MATCH = YES;
				COPY_PHASE_STRIP = NO;
				DEBUG_INFORMATION_FORMAT = dwarf;
				ENABLE_STRICT_OBJC_MSGSEND = YES;
				ENABLE_TESTABILITY = YES;
				GCC_C_LANGUAGE_STANDARD = gnu11;
				GCC_DYNAMIC_NO_PIC = NO;
				GCC_NO_COMMON_BLOCKS = YES;
				GCC_OPTIMIZATION_LEVEL = 0;
				GCC_PREPROCESSOR_DEFINITIONS = (
					"DEBUG=1",
					"$(inherited)",
				);
				GCC_WARN_64_TO_32_BIT_CONVERSION = YES;
				GCC_WARN_ABOUT_RETURN_TYPE = YES_ERROR;
				GCC_WARN_UNDECLARED_SELECTOR = YES;
				GCC_WARN_UNINITIALIZED_AUTOS = YES_AGGRESSIVE;
				GCC_WARN_UNUSED_FUNCTION = YES;
				GCC_WARN_UNUSED_VARIABLE = YES;
				IPHONEOS_DEPLOYMENT_TARGET = 16.2;
				MTL_ENABLE_DEBUG_INFO = INCLUDE_SOURCE;
				MTL_FAST_MATH = YES;
				ONLY_ACTIVE_ARCH = YES;
				SDKROOT = iphoneos;
				SWIFT_ACTIVE_COMPILATION_CONDITIONS = DEBUG;
				SWIFT_OPTIMIZATION_LEVEL = "-Onone";
			};
			name = Debug;
		};
		D504E503294A8A4C00A80264 /* Release */ = {
			isa = XCBuildConfiguration;
			buildSettings = {
				ALWAYS_SEARCH_USER_PATHS = NO;
				CLANG_ANALYZER_NONNULL = YES;
				CLANG_ANALYZER_NUMBER_OBJECT_CONVERSION = YES_AGGRESSIVE;
				CLANG_CXX_LANGUAGE_STANDARD = "gnu++20";
				CLANG_ENABLE_MODULES = YES;
				CLANG_ENABLE_OBJC_ARC = YES;
				CLANG_ENABLE_OBJC_WEAK = YES;
				CLANG_WARN_BLOCK_CAPTURE_AUTORELEASING = YES;
				CLANG_WARN_BOOL_CONVERSION = YES;
				CLANG_WARN_COMMA = YES;
				CLANG_WARN_CONSTANT_CONVERSION = YES;
				CLANG_WARN_DEPRECATED_OBJC_IMPLEMENTATIONS = YES;
				CLANG_WARN_DIRECT_OBJC_ISA_USAGE = YES_ERROR;
				CLANG_WARN_DOCUMENTATION_COMMENTS = YES;
				CLANG_WARN_EMPTY_BODY = YES;
				CLANG_WARN_ENUM_CONVERSION = YES;
				CLANG_WARN_INFINITE_RECURSION = YES;
				CLANG_WARN_INT_CONVERSION = YES;
				CLANG_WARN_NON_LITERAL_NULL_CONVERSION = YES;
				CLANG_WARN_OBJC_IMPLICIT_RETAIN_SELF = YES;
				CLANG_WARN_OBJC_LITERAL_CONVERSION = YES;
				CLANG_WARN_OBJC_ROOT_CLASS = YES_ERROR;
				CLANG_WARN_QUOTED_INCLUDE_IN_FRAMEWORK_HEADER = YES;
				CLANG_WARN_RANGE_LOOP_ANALYSIS = YES;
				CLANG_WARN_STRICT_PROTOTYPES = YES;
				CLANG_WARN_SUSPICIOUS_MOVE = YES;
				CLANG_WARN_UNGUARDED_AVAILABILITY = YES_AGGRESSIVE;
				CLANG_WARN_UNREACHABLE_CODE = YES;
				CLANG_WARN__DUPLICATE_METHOD_MATCH = YES;
				COPY_PHASE_STRIP = NO;
				DEBUG_INFORMATION_FORMAT = "dwarf-with-dsym";
				ENABLE_NS_ASSERTIONS = NO;
				ENABLE_STRICT_OBJC_MSGSEND = YES;
				GCC_C_LANGUAGE_STANDARD = gnu11;
				GCC_NO_COMMON_BLOCKS = YES;
				GCC_WARN_64_TO_32_BIT_CONVERSION = YES;
				GCC_WARN_ABOUT_RETURN_TYPE = YES_ERROR;
				GCC_WARN_UNDECLARED_SELECTOR = YES;
				GCC_WARN_UNINITIALIZED_AUTOS = YES_AGGRESSIVE;
				GCC_WARN_UNUSED_FUNCTION = YES;
				GCC_WARN_UNUSED_VARIABLE = YES;
				IPHONEOS_DEPLOYMENT_TARGET = 16.2;
				MTL_ENABLE_DEBUG_INFO = NO;
				MTL_FAST_MATH = YES;
				SDKROOT = iphoneos;
				SWIFT_COMPILATION_MODE = wholemodule;
				SWIFT_OPTIMIZATION_LEVEL = "-O";
				VALIDATE_PRODUCT = YES;
			};
			name = Release;
		};
		D504E505294A8A4C00A80264 /* Debug */ = {
			isa = XCBuildConfiguration;
			baseConfigurationReference = 19519246AD1BADDB9BC0DFA1 /* Pods-MyTwitter.debug.xcconfig */;
			buildSettings = {
				ASSETCATALOG_COMPILER_APPICON_NAME = AppIcon;
				ASSETCATALOG_COMPILER_GLOBAL_ACCENT_COLOR_NAME = AccentColor;
				CODE_SIGN_STYLE = Automatic;
				CURRENT_PROJECT_VERSION = 1;
				DEVELOPMENT_TEAM = T7C6N2U8Z3;
				GENERATE_INFOPLIST_FILE = YES;
				INFOPLIST_FILE = MyTwitter/Info.plist;
				INFOPLIST_KEY_UIApplicationSupportsIndirectInputEvents = YES;
				INFOPLIST_KEY_UILaunchStoryboardName = LaunchScreen;
				INFOPLIST_KEY_UIStatusBarStyle = "";
				INFOPLIST_KEY_UISupportedInterfaceOrientations_iPad = "UIInterfaceOrientationPortrait UIInterfaceOrientationPortraitUpsideDown UIInterfaceOrientationLandscapeLeft UIInterfaceOrientationLandscapeRight";
				INFOPLIST_KEY_UISupportedInterfaceOrientations_iPhone = "UIInterfaceOrientationPortrait UIInterfaceOrientationLandscapeLeft UIInterfaceOrientationLandscapeRight";
				IPHONEOS_DEPLOYMENT_TARGET = 15.0;
				LD_RUNPATH_SEARCH_PATHS = (
					"$(inherited)",
					"@executable_path/Frameworks",
				);
				MARKETING_VERSION = 1.0;
				PRODUCT_BUNDLE_IDENTIFIER = muhammadjon.com.MyTwitter;
				PRODUCT_NAME = "$(TARGET_NAME)";
				SWIFT_EMIT_LOC_STRINGS = YES;
				SWIFT_VERSION = 5.0;
				TARGETED_DEVICE_FAMILY = "1,2";
			};
			name = Debug;
		};
		D504E506294A8A4C00A80264 /* Release */ = {
			isa = XCBuildConfiguration;
			baseConfigurationReference = 3DD815593D57590FA6B25400 /* Pods-MyTwitter.release.xcconfig */;
			buildSettings = {
				ASSETCATALOG_COMPILER_APPICON_NAME = AppIcon;
				ASSETCATALOG_COMPILER_GLOBAL_ACCENT_COLOR_NAME = AccentColor;
				CODE_SIGN_STYLE = Automatic;
				CURRENT_PROJECT_VERSION = 1;
				DEVELOPMENT_TEAM = T7C6N2U8Z3;
				GENERATE_INFOPLIST_FILE = YES;
				INFOPLIST_FILE = MyTwitter/Info.plist;
				INFOPLIST_KEY_UIApplicationSupportsIndirectInputEvents = YES;
				INFOPLIST_KEY_UILaunchStoryboardName = LaunchScreen;
				INFOPLIST_KEY_UIStatusBarStyle = "";
				INFOPLIST_KEY_UISupportedInterfaceOrientations_iPad = "UIInterfaceOrientationPortrait UIInterfaceOrientationPortraitUpsideDown UIInterfaceOrientationLandscapeLeft UIInterfaceOrientationLandscapeRight";
				INFOPLIST_KEY_UISupportedInterfaceOrientations_iPhone = "UIInterfaceOrientationPortrait UIInterfaceOrientationLandscapeLeft UIInterfaceOrientationLandscapeRight";
				IPHONEOS_DEPLOYMENT_TARGET = 15.0;
				LD_RUNPATH_SEARCH_PATHS = (
					"$(inherited)",
					"@executable_path/Frameworks",
				);
				MARKETING_VERSION = 1.0;
				PRODUCT_BUNDLE_IDENTIFIER = muhammadjon.com.MyTwitter;
				PRODUCT_NAME = "$(TARGET_NAME)";
				SWIFT_EMIT_LOC_STRINGS = YES;
				SWIFT_VERSION = 5.0;
				TARGETED_DEVICE_FAMILY = "1,2";
			};
			name = Release;
		};
/* End XCBuildConfiguration section */

/* Begin XCConfigurationList section */
		D504E4EB294A8A4A00A80264 /* Build configuration list for PBXProject "Chatting App" */ = {
			isa = XCConfigurationList;
			buildConfigurations = (
				D504E502294A8A4C00A80264 /* Debug */,
				D504E503294A8A4C00A80264 /* Release */,
			);
			defaultConfigurationIsVisible = 0;
			defaultConfigurationName = Release;
		};
		D504E504294A8A4C00A80264 /* Build configuration list for PBXNativeTarget "MyTwitter" */ = {
			isa = XCConfigurationList;
			buildConfigurations = (
				D504E505294A8A4C00A80264 /* Debug */,
				D504E506294A8A4C00A80264 /* Release */,
			);
			defaultConfigurationIsVisible = 0;
			defaultConfigurationName = Release;
		};
/* End XCConfigurationList section */

/* Begin XCRemoteSwiftPackageReference section */
		D5DBD819294FB8B600698DE9 /* XCRemoteSwiftPackageReference "firebase-ios-sdk" */ = {
			isa = XCRemoteSwiftPackageReference;
			repositoryURL = "https://github.com/firebase/firebase-ios-sdk";
			requirement = {
				branch = master;
				kind = branch;
			};
		};
/* End XCRemoteSwiftPackageReference section */

/* Begin XCSwiftPackageProductDependency section */
		D5DBD81A294FB8B600698DE9 /* FirebaseAuth */ = {
			isa = XCSwiftPackageProductDependency;
			package = D5DBD819294FB8B600698DE9 /* XCRemoteSwiftPackageReference "firebase-ios-sdk" */;
			productName = FirebaseAuth;
		};
		D5DBD81C294FB8B600698DE9 /* FirebaseDatabase */ = {
			isa = XCSwiftPackageProductDependency;
			package = D5DBD819294FB8B600698DE9 /* XCRemoteSwiftPackageReference "firebase-ios-sdk" */;
			productName = FirebaseDatabase;
		};
		D5DBD81E294FB8B600698DE9 /* FirebaseFirestore */ = {
			isa = XCSwiftPackageProductDependency;
			package = D5DBD819294FB8B600698DE9 /* XCRemoteSwiftPackageReference "firebase-ios-sdk" */;
			productName = FirebaseFirestore;
		};
/* End XCSwiftPackageProductDependency section */
	};
	rootObject = D504E4E8294A8A4A00A80264 /* Project object */;
}
